
Microsoft Visual Studio Solution File, Format Version 12.00
# Visual Studio Version 16
VisualStudioVersion = 16.0.31624.102
MinimumVisualStudioVersion = 10.0.40219.1
Project("{FAE04EC0-301F-11D3-BF4B-00C04F79EFBC}") = "Angie_Buitrago", "Angie_Buitrago\Angie_Buitrago.csproj", "{FFEA58FD-D652-43F0-9CCC-D47BA29A30F6}"
EndProject
Global
	GlobalSection(SolutionConfigurationPlatforms) = preSolution
		Debug|Any CPU = Debug|Any CPU
		Release|Any CPU = Release|Any CPU
	EndGlobalSection
	GlobalSection(ProjectConfigurationPlatforms) = postSolution
		{FFEA58FD-D652-43F0-9CCC-D47BA29A30F6}.Debug|Any CPU.ActiveCfg = Debug|Any CPU
		{FFEA58FD-D652-43F0-9CCC-D47BA29A30F6}.Debug|Any CPU.Build.0 = Debug|Any CPU
		{FFEA58FD-D652-43F0-9CCC-D47BA29A30F6}.Release|Any CPU.ActiveCfg = Release|Any CPU
		{FFEA58FD-D652-43F0-9CCC-D47BA29A30F6}.Release|Any CPU.Build.0 = Release|Any CPU
	EndGlobalSection
	GlobalSection(SolutionProperties) = preSolution
		HideSolutionNode = FALSE
	EndGlobalSection
	GlobalSection(ExtensibilityGlobals) = postSolution
		SolutionGuid = {08DBCCA8-1763-4B0C-A094-FC1258A06E0A}
	EndGlobalSection
EndGlobal
